
Microsoft Visual Studio Solution File, Format Version 12.00
# Visual Studio Version 16
VisualStudioVersion = 16.0.31402.337
MinimumVisualStudioVersion = 10.0.40219.1
Project("{FAE04EC0-301F-11D3-BF4B-00C04F79EFBC}") = "Bank", "Bank.csproj", "{9EEB5E00-CBE6-4C52-9F79-2D23F218916E}"
EndProject
Global
	GlobalSection(SolutionConfigurationPlatforms) = preSolution
		Debug|Any CPU = Debug|Any CPU
		Release|Any CPU = Release|Any CPU
	EndGlobalSection
	GlobalSection(ProjectConfigurationPlatforms) = postSolution
		{9EEB5E00-CBE6-4C52-9F79-2D23F218916E}.Debug|Any CPU.ActiveCfg = Debug|Any CPU
		{9EEB5E00-CBE6-4C52-9F79-2D23F218916E}.Debug|Any CPU.Build.0 = Debug|Any CPU
		{9EEB5E00-CBE6-4C52-9F79-2D23F218916E}.Release|Any CPU.ActiveCfg = Release|Any CPU
		{9EEB5E00-CBE6-4C52-9F79-2D23F218916E}.Release|Any CPU.Build.0 = Release|Any CPU
	EndGlobalSection
	GlobalSection(SolutionProperties) = preSolution
		HideSolutionNode = FALSE
	EndGlobalSection
	GlobalSection(ExtensibilityGlobals) = postSolution
		SolutionGuid = {10194ACF-1FA5-4F3C-81A1-21C1D74C4676}
	EndGlobalSection
EndGlobal
